
Microsoft Visual Studio Solution File, Format Version 12.00
# Visual Studio Version 16
VisualStudioVersion = 16.0.30907.101
MinimumVisualStudioVersion = 10.0.40219.1
Project("{FAE04EC0-301F-11D3-BF4B-00C04F79EFBC}") = "Yeni", "Yeni\Yeni.csproj", "{ED9A9A31-7904-455C-9232-88A9D2105B49}"
EndProject
Global
	GlobalSection(SolutionConfigurationPlatforms) = preSolution
		Debug|Any CPU = Debug|Any CPU
		Release|Any CPU = Release|Any CPU
	EndGlobalSection
	GlobalSection(ProjectConfigurationPlatforms) = postSolution
		{ED9A9A31-7904-455C-9232-88A9D2105B49}.Debug|Any CPU.ActiveCfg = Debug|Any CPU
		{ED9A9A31-7904-455C-9232-88A9D2105B49}.Debug|Any CPU.Build.0 = Debug|Any CPU
		{ED9A9A31-7904-455C-9232-88A9D2105B49}.Release|Any CPU.ActiveCfg = Release|Any CPU
		{ED9A9A31-7904-455C-9232-88A9D2105B49}.Release|Any CPU.Build.0 = Release|Any CPU
	EndGlobalSection
	GlobalSection(SolutionProperties) = preSolution
		HideSolutionNode = FALSE
	EndGlobalSection
	GlobalSection(ExtensibilityGlobals) = postSolution
		SolutionGuid = {79D3D2BF-D135-4068-8670-930EBB9E8CFE}
	EndGlobalSection
EndGlobal
